
Microsoft Visual Studio Solution File, Format Version 12.00
# Visual Studio Version 16
VisualStudioVersion = 16.0.31205.134
MinimumVisualStudioVersion = 10.0.40219.1
Project("{9A19103F-16F7-4668-BE54-9A1E7A4F7556}") = "EntityLayer", "EntityLayer\EntityLayer.csproj", "{2E54DE2A-4BE0-4241-AAEA-F9CDB4ACF87A}"
EndProject
Project("{9A19103F-16F7-4668-BE54-9A1E7A4F7556}") = "DataAccessLayer", "DataAccessLayer\DataAccessLayer.csproj", "{94AE3AC3-A872-49CA-82A2-74314C20F8DC}"
EndProject
Project("{9A19103F-16F7-4668-BE54-9A1E7A4F7556}") = "BusinessLayer", "BusinessLayer\BusinessLayer.csproj", "{E2C40E39-1126-4FC0-89B0-979B1E4E37E3}"
EndProject
Project("{9A19103F-16F7-4668-BE54-9A1E7A4F7556}") = "ConsoleUI", "ConsoleUI\ConsoleUI.csproj", "{7A52C217-14E0-4967-B1A7-0965339E4632}"
EndProject
Project("{FAE04EC0-301F-11D3-BF4B-00C04F79EFBC}") = "Core", "Core\Core.csproj", "{3611DCA2-3DE5-4DCE-B1E1-5139290BDDD6}"
EndProject
Global
	GlobalSection(SolutionConfigurationPlatforms) = preSolution
		Debug|Any CPU = Debug|Any CPU
		Release|Any CPU = Release|Any CPU
	EndGlobalSection
	GlobalSection(ProjectConfigurationPlatforms) = postSolution
		{2E54DE2A-4BE0-4241-AAEA-F9CDB4ACF87A}.Debug|Any CPU.ActiveCfg = Debug|Any CPU
		{2E54DE2A-4BE0-4241-AAEA-F9CDB4ACF87A}.Debug|Any CPU.Build.0 = Debug|Any CPU
		{2E54DE2A-4BE0-4241-AAEA-F9CDB4ACF87A}.Release|Any CPU.ActiveCfg = Release|Any CPU
		{2E54DE2A-4BE0-4241-AAEA-F9CDB4ACF87A}.Release|Any CPU.Build.0 = Release|Any CPU
		{94AE3AC3-A872-49CA-82A2-74314C20F8DC}.Debug|Any CPU.ActiveCfg = Debug|Any CPU
		{94AE3AC3-A872-49CA-82A2-74314C20F8DC}.Debug|Any CPU.Build.0 = Debug|Any CPU
		{94AE3AC3-A872-49CA-82A2-74314C20F8DC}.Release|Any CPU.ActiveCfg = Release|Any CPU
		{94AE3AC3-A872-49CA-82A2-74314C20F8DC}.Release|Any CPU.Build.0 = Release|Any CPU
		{E2C40E39-1126-4FC0-89B0-979B1E4E37E3}.Debug|Any CPU.ActiveCfg = Debug|Any CPU
		{E2C40E39-1126-4FC0-89B0-979B1E4E37E3}.Debug|Any CPU.Build.0 = Debug|Any CPU
		{E2C40E39-1126-4FC0-89B0-979B1E4E37E3}.Release|Any CPU.ActiveCfg = Release|Any CPU
		{E2C40E39-1126-4FC0-89B0-979B1E4E37E3}.Release|Any CPU.Build.0 = Release|Any CPU
		{7A52C217-14E0-4967-B1A7-0965339E4632}.Debug|Any CPU.ActiveCfg = Debug|Any CPU
		{7A52C217-14E0-4967-B1A7-0965339E4632}.Debug|Any CPU.Build.0 = Debug|Any CPU
		{7A52C217-14E0-4967-B1A7-0965339E4632}.Release|Any CPU.ActiveCfg = Release|Any CPU
		{7A52C217-14E0-4967-B1A7-0965339E4632}.Release|Any CPU.Build.0 = Release|Any CPU
		{3611DCA2-3DE5-4DCE-B1E1-5139290BDDD6}.Debug|Any CPU.ActiveCfg = Debug|Any CPU
		{3611DCA2-3DE5-4DCE-B1E1-5139290BDDD6}.Debug|Any CPU.Build.0 = Debug|Any CPU
		{3611DCA2-3DE5-4DCE-B1E1-5139290BDDD6}.Release|Any CPU.ActiveCfg = Release|Any CPU
		{3611DCA2-3DE5-4DCE-B1E1-5139290BDDD6}.Release|Any CPU.Build.0 = Release|Any CPU
	EndGlobalSection
	GlobalSection(SolutionProperties) = preSolution
		HideSolutionNode = FALSE
	EndGlobalSection
	GlobalSection(ExtensibilityGlobals) = postSolution
		SolutionGuid = {CBEB92A9-87AE-4382-80FE-3E61B97CD250}
	EndGlobalSection
EndGlobal
