
Microsoft Visual Studio Solution File, Format Version 12.00
# Visual Studio Version 16
VisualStudioVersion = 16.0.31019.35
MinimumVisualStudioVersion = 10.0.40219.1
Project("{FAE04EC0-301F-11D3-BF4B-00C04F79EFBC}") = "DamaTahtası", "DamaTahtası\DamaTahtası.csproj", "{4EB2562B-4BAF-4D13-85F0-B1E76EBE1D29}"
EndProject
Global
	GlobalSection(SolutionConfigurationPlatforms) = preSolution
		Debug|Any CPU = Debug|Any CPU
		Release|Any CPU = Release|Any CPU
	EndGlobalSection
	GlobalSection(ProjectConfigurationPlatforms) = postSolution
		{4EB2562B-4BAF-4D13-85F0-B1E76EBE1D29}.Debug|Any CPU.ActiveCfg = Debug|Any CPU
		{4EB2562B-4BAF-4D13-85F0-B1E76EBE1D29}.Debug|Any CPU.Build.0 = Debug|Any CPU
		{4EB2562B-4BAF-4D13-85F0-B1E76EBE1D29}.Release|Any CPU.ActiveCfg = Release|Any CPU
		{4EB2562B-4BAF-4D13-85F0-B1E76EBE1D29}.Release|Any CPU.Build.0 = Release|Any CPU
	EndGlobalSection
	GlobalSection(SolutionProperties) = preSolution
		HideSolutionNode = FALSE
	EndGlobalSection
	GlobalSection(ExtensibilityGlobals) = postSolution
		SolutionGuid = {5FEAC159-5202-41B2-A687-B5CEC513DCA9}
	EndGlobalSection
EndGlobal
