
Microsoft Visual Studio Solution File, Format Version 12.00
# Visual Studio Version 16
VisualStudioVersion = 16.0.31205.134
MinimumVisualStudioVersion = 10.0.40219.1
Project("{FAE04EC0-301F-11D3-BF4B-00C04F79EFBC}") = "EntityLayer", "EntityLayer\EntityLayer.csproj", "{AF0D1017-D239-40C0-A182-822CC810E254}"
EndProject
Project("{FAE04EC0-301F-11D3-BF4B-00C04F79EFBC}") = "DataAccessLayer", "DataAccessLayer\DataAccessLayer.csproj", "{47B79F21-F624-4172-AE19-AD62D786F7C9}"
EndProject
Project("{FAE04EC0-301F-11D3-BF4B-00C04F79EFBC}") = "BusinessLayer", "BussinessLayer\BusinessLayer.csproj", "{DE648F6F-5F1A-4E81-B4A3-17F43A673189}"
EndProject
Project("{FAE04EC0-301F-11D3-BF4B-00C04F79EFBC}") = "PresentationLayer", "PresentationLayer\PresentationLayer.csproj", "{7BB7CCED-1827-4A8C-8CE0-D75075689C63}"
EndProject
Global
	GlobalSection(SolutionConfigurationPlatforms) = preSolution
		Debug|Any CPU = Debug|Any CPU
		Release|Any CPU = Release|Any CPU
	EndGlobalSection
	GlobalSection(ProjectConfigurationPlatforms) = postSolution
		{AF0D1017-D239-40C0-A182-822CC810E254}.Debug|Any CPU.ActiveCfg = Debug|Any CPU
		{AF0D1017-D239-40C0-A182-822CC810E254}.Debug|Any CPU.Build.0 = Debug|Any CPU
		{AF0D1017-D239-40C0-A182-822CC810E254}.Release|Any CPU.ActiveCfg = Release|Any CPU
		{AF0D1017-D239-40C0-A182-822CC810E254}.Release|Any CPU.Build.0 = Release|Any CPU
		{47B79F21-F624-4172-AE19-AD62D786F7C9}.Debug|Any CPU.ActiveCfg = Debug|Any CPU
		{47B79F21-F624-4172-AE19-AD62D786F7C9}.Debug|Any CPU.Build.0 = Debug|Any CPU
		{47B79F21-F624-4172-AE19-AD62D786F7C9}.Release|Any CPU.ActiveCfg = Release|Any CPU
		{47B79F21-F624-4172-AE19-AD62D786F7C9}.Release|Any CPU.Build.0 = Release|Any CPU
		{DE648F6F-5F1A-4E81-B4A3-17F43A673189}.Debug|Any CPU.ActiveCfg = Debug|Any CPU
		{DE648F6F-5F1A-4E81-B4A3-17F43A673189}.Debug|Any CPU.Build.0 = Debug|Any CPU
		{DE648F6F-5F1A-4E81-B4A3-17F43A673189}.Release|Any CPU.ActiveCfg = Release|Any CPU
		{DE648F6F-5F1A-4E81-B4A3-17F43A673189}.Release|Any CPU.Build.0 = Release|Any CPU
		{7BB7CCED-1827-4A8C-8CE0-D75075689C63}.Debug|Any CPU.ActiveCfg = Debug|Any CPU
		{7BB7CCED-1827-4A8C-8CE0-D75075689C63}.Debug|Any CPU.Build.0 = Debug|Any CPU
		{7BB7CCED-1827-4A8C-8CE0-D75075689C63}.Release|Any CPU.ActiveCfg = Release|Any CPU
		{7BB7CCED-1827-4A8C-8CE0-D75075689C63}.Release|Any CPU.Build.0 = Release|Any CPU
	EndGlobalSection
	GlobalSection(SolutionProperties) = preSolution
		HideSolutionNode = FALSE
	EndGlobalSection
	GlobalSection(ExtensibilityGlobals) = postSolution
		SolutionGuid = {F3972A63-638A-4814-A5B1-2442E448E8CF}
	EndGlobalSection
EndGlobal
